// !$*UTF8*$!
{
	archiveVersion = 1;
	classes = {
	};
	objectVersion = 46;
	objects = {

/* Begin PBXBuildFile section */
		B038BBAA1E85C3D900AE9D05 /* AppDelegate.swift in Sources */ = {isa = PBXBuildFile; fileRef = B038BBA91E85C3D900AE9D05 /* AppDelegate.swift */; };
		B038BBAC1E85C3D900AE9D05 /* ViewController.swift in Sources */ = {isa = PBXBuildFile; fileRef = B038BBAB1E85C3D900AE9D05 /* ViewController.swift */; };
		B038BBAF1E85C3D900AE9D05 /* Main.storyboard in Resources */ = {isa = PBXBuildFile; fileRef = B038BBAD1E85C3D900AE9D05 /* Main.storyboard */; };
		B038BBB11E85C3D900AE9D05 /* Assets.xcassets in Resources */ = {isa = PBXBuildFile; fileRef = B038BBB01E85C3D900AE9D05 /* Assets.xcassets */; };
		B038BBB41E85C3D900AE9D05 /* LaunchScreen.storyboard in Resources */ = {isa = PBXBuildFile; fileRef = B038BBB21E85C3D900AE9D05 /* LaunchScreen.storyboard */; };
/* End PBXBuildFile section */

/* Begin PBXFileReference section */
		B038BBA61E85C3D900AE9D05 /* Scribe.app */ = {isa = PBXFileReference; explicitFileType = wrapper.application; includeInIndex = 0; path = Scribe.app; sourceTree = BUILT_PRODUCTS_DIR; };
		B038BBA91E85C3D900AE9D05 /* AppDelegate.swift */ = {isa = PBXFileReference; lastKnownFileType = sourcecode.swift; path = AppDelegate.swift; sourceTree = "<group>"; };
		B038BBAB1E85C3D900AE9D05 /* ViewController.swift */ = {isa = PBXFileReference; lastKnownFileType = sourcecode.swift; path = ViewController.swift; sourceTree = "<group>"; };
		B038BBAE1E85C3D900AE9D05 /* Base */ = {isa = PBXFileReference; lastKnownFileType = file.storyboard; name = Base; path = Base.lproj/Main.storyboard; sourceTree = "<group>"; };
		B038BBB01E85C3D900AE9D05 /* Assets.xcassets */ = {isa = PBXFileReference; lastKnownFileType = folder.assetcatalog; path = Assets.xcassets; sourceTree = "<group>"; };
		B038BBB31E85C3D900AE9D05 /* Base */ = {isa = PBXFileReference; lastKnownFileType = file.storyboard; name = Base; path = Base.lproj/LaunchScreen.storyboard; sourceTree = "<group>"; };
		B038BBB51E85C3D900AE9D05 /* Info.plist */ = {isa = PBXFileReference; lastKnownFileType = text.plist.xml; path = Info.plist; sourceTree = "<group>"; };
/* End PBXFileReference section */

/* Begin PBXFrameworksBuildPhase section */
		B038BBA31E85C3D900AE9D05 /* Frameworks */ = {
			isa = PBXFrameworksBuildPhase;
			buildActionMask = 2147483647;
			files = (
			);
			runOnlyForDeploymentPostprocessing = 0;
		};
/* End PBXFrameworksBuildPhase section */

/* Begin PBXGroup section */
		B038BB9D1E85C3D900AE9D05 = {
			isa = PBXGroup;
			children = (
				B038BBA81E85C3D900AE9D05 /* Scribe */,
				B038BBA71E85C3D900AE9D05 /* Products */,
			);
			sourceTree = "<group>";
		};
		B038BBA71E85C3D900AE9D05 /* Products */ = {
			isa = PBXGroup;
			children = (
				B038BBA61E85C3D900AE9D05 /* Scribe.app */,
			);
			name = Products;
			sourceTree = "<group>";
		};
		B038BBA81E85C3D900AE9D05 /* Scribe */ = {
			isa = PBXGroup;
			children = (
				B038BBA91E85C3D900AE9D05 /* AppDelegate.swift */,
				B038BBAB1E85C3D900AE9D05 /* ViewController.swift */,
				B038BBAD1E85C3D900AE9D05 /* Main.storyboard */,
				B038BBB01E85C3D900AE9D05 /* Assets.xcassets */,
				B038BBB21E85C3D900AE9D05 /* LaunchScreen.storyboard */,
				B038BBB51E85C3D900AE9D05 /* Info.plist */,
			);
			path = Scribe;
			sourceTree = "<group>";
		};
/* End PBXGroup section */

/* Begin PBXNativeTarget section */
		B038BBA51E85C3D900AE9D05 /* Scribe */ = {
			isa = PBXNativeTarget;
			buildConfigurationList = B038BBB81E85C3D900AE9D05 /* Build configuration list for PBXNativeTarget "Scribe" */;
			buildPhases = (
				B038BBA21E85C3D900AE9D05 /* Sources */,
				B038BBA31E85C3D900AE9D05 /* Frameworks */,
				B038BBA41E85C3D900AE9D05 /* Resources */,
			);
			buildRules = (
			);
			dependencies = (
			);
			name = Scribe;
			productName = Scribe;
			productReference = B038BBA61E85C3D900AE9D05 /* Scribe.app */;
			productType = "com.apple.product-type.application";
		};
/* End PBXNativeTarget section */

/* Begin PBXProject section */
		B038BB9E1E85C3D900AE9D05 /* Project object */ = {
			isa = PBXProject;
			attributes = {
				LastSwiftUpdateCheck = 0820;
				LastUpgradeCheck = 0820;
				ORGANIZATIONNAME = shinDev;
				TargetAttributes = {
					B038BBA51E85C3D900AE9D05 = {
						CreatedOnToolsVersion = 8.2.1;
						DevelopmentTeam = 775A96F2SV;
						ProvisioningStyle = Automatic;
					};
				};
			};
			buildConfigurationList = B038BBA11E85C3D900AE9D05 /* Build configuration list for PBXProject "Scribe" */;
			compatibilityVersion = "Xcode 3.2";
			developmentRegion = English;
			hasScannedForEncodings = 0;
			knownRegions = (
				en,
				Base,
			);
			mainGroup = B038BB9D1E85C3D900AE9D05;
			productRefGroup = B038BBA71E85C3D900AE9D05 /* Products */;
			projectDirPath = "";
			projectRoot = "";
			targets = (
				B038BBA51E85C3D900AE9D05 /* Scribe */,
			);
		};
/* End PBXProject section */

/* Begin PBXResourcesBuildPhase section */
		B038BBA41E85C3D900AE9D05 /* Resources */ = {
			isa = PBXResourcesBuildPhase;
			buildActionMask = 2147483647;
			files = (
				B038BBB41E85C3D900AE9D05 /* LaunchScreen.storyboard in Resources */,
				B038BBB11E85C3D900AE9D05 /* Assets.xcassets in Resources */,
				B038BBAF1E85C3D900AE9D05 /* Main.storyboard in Resources */,
			);
			runOnlyForDeploymentPostprocessing = 0;
		};
/* End PBXResourcesBuildPhase section */

/* Begin PBXSourcesBuildPhase section */
		B038BBA21E85C3D900AE9D05 /* Sources */ = {
			isa = PBXSourcesBuildPhase;
			buildActionMask = 2147483647;
			files = (
				B038BBAC1E85C3D900AE9D05 /* ViewController.swift in Sources */,
				B038BBAA1E85C3D900AE9D05 /* AppDelegate.swift in Sources */,
			);
			runOnlyForDeploymentPostprocessing = 0;
		};
/* End PBXSourcesBuildPhase section */

/* Begin PBXVariantGroup section */
		B038BBAD1E85C3D900AE9D05 /* Main.storyboard */ = {
			isa = PBXVariantGroup;
			children = (
				B038BBAE1E85C3D900AE9D05 /* Base */,
			);
			name = Main.storyboard;
			sourceTree = "<group>";
		};
		B038BBB21E85C3D900AE9D05 /* LaunchScreen.storyboard */ = {
			isa = PBXVariantGroup;
			children = (
				B038BBB31E85C3D900AE9D05 /* Base */,
			);
			name = LaunchScreen.storyboard;
			sourceTree = "<group>";
		};
/* End PBXVariantGroup section */

/* Begin XCBuildConfiguration section */
		B038BBB61E85C3D900AE9D05 /* Debug */ = {
			isa = XCBuildConfiguration;
			buildSettings = {
				ALWAYS_SEARCH_USER_PATHS = NO;
				CLANG_ANALYZER_NONNULL = YES;
				CLANG_CXX_LANGUAGE_STANDARD = "gnu++0x";
				CLANG_CXX_LIBRARY = "libc++";
				CLANG_ENABLE_MODULES = YES;
				CLANG_ENABLE_OBJC_ARC = YES;
				CLANG_WARN_BOOL_CONVERSION = YES;
				CLANG_WARN_CONSTANT_CONVERSION = YES;
				CLANG_WARN_DIRECT_OBJC_ISA_USAGE = YES_ERROR;
				CLANG_WARN_DOCUMENTATION_COMMENTS = YES;
				CLANG_WARN_EMPTY_BODY = YES;
				CLANG_WARN_ENUM_CONVERSION = YES;
				CLANG_WARN_INFINITE_RECURSION = YES;
				CLANG_WARN_INT_CONVERSION = YES;
				CLANG_WARN_OBJC_ROOT_CLASS = YES_ERROR;
				CLANG_WARN_SUSPICIOUS_MOVE = YES;
				CLANG_WARN_UNREACHABLE_CODE = YES;
				CLANG_WARN__DUPLICATE_METHOD_MATCH = YES;
				"CODE_SIGN_IDENTITY[sdk=iphoneos*]" = "iPhone Developer";
				COPY_PHASE_STRIP = NO;
				DEBUG_INFORMATION_FORMAT = dwarf;
				ENABLE_STRICT_OBJC_MSGSEND = YES;
				ENABLE_TESTABILITY = YES;
				GCC_C_LANGUAGE_STANDARD = gnu99;
				GCC_DYNAMIC_NO_PIC = NO;
				GCC_NO_COMMON_BLOCKS = YES;
				GCC_OPTIMIZATION_LEVEL = 0;
				GCC_PREPROCESSOR_DEFINITIONS = (
					"DEBUG=1",
					"$(inherited)",
				);
				GCC_WARN_64_TO_32_BIT_CONVERSION = YES;
				GCC_WARN_ABOUT_RETURN_TYPE = YES_ERROR;
				GCC_WARN_UNDECLARED_SELECTOR = YES;
				GCC_WARN_UNINITIALIZED_AUTOS = YES_AGGRESSIVE;
				GCC_WARN_UNUSED_FUNCTION = YES;
				GCC_WARN_UNUSED_VARIABLE = YES;
				IPHONEOS_DEPLOYMENT_TARGET = 10.2;
				MTL_ENABLE_DEBUG_INFO = YES;
				ONLY_ACTIVE_ARCH = YES;
				SDKROOT = iphoneos;
				SWIFT_ACTIVE_COMPILATION_CONDITIONS = DEBUG;
				SWIFT_OPTIMIZATION_LEVEL = "-Onone";
			};
			name = Debug;
		};
		B038BBB71E85C3D900AE9D05 /* Release */ = {
			isa = XCBuildConfiguration;
			buildSettings = {
				ALWAYS_SEARCH_USER_PATHS = NO;
				CLANG_ANALYZER_NONNULL = YES;
				CLANG_CXX_LANGUAGE_STANDARD = "gnu++0x";
				CLANG_CXX_LIBRARY = "libc++";
				CLANG_ENABLE_MODULES = YES;
				CLANG_ENABLE_OBJC_ARC = YES;
				CLANG_WARN_BOOL_CONVERSION = YES;
				CLANG_WARN_CONSTANT_CONVERSION = YES;
				CLANG_WARN_DIRECT_OBJC_ISA_USAGE = YES_ERROR;
				CLANG_WARN_DOCUMENTATION_COMMENTS = YES;
				CLANG_WARN_EMPTY_BODY = YES;
				CLANG_WARN_ENUM_CONVERSION = YES;
				CLANG_WARN_INFINITE_RECURSION = YES;
				CLANG_WARN_INT_CONVERSION = YES;
				CLANG_WARN_OBJC_ROOT_CLASS = YES_ERROR;
				CLANG_WARN_SUSPICIOUS_MOVE = YES;
				CLANG_WARN_UNREACHABLE_CODE = YES;
				CLANG_WARN__DUPLICATE_METHOD_MATCH = YES;
				"CODE_SIGN_IDENTITY[sdk=iphoneos*]" = "iPhone Developer";
				COPY_PHASE_STRIP = NO;
				DEBUG_INFORMATION_FORMAT = "dwarf-with-dsym";
				ENABLE_NS_ASSERTIONS = NO;
				ENABLE_STRICT_OBJC_MSGSEND = YES;
				GCC_C_LANGUAGE_STANDARD = gnu99;
				GCC_NO_COMMON_BLOCKS = YES;
				GCC_WARN_64_TO_32_BIT_CONVERSION = YES;
				GCC_WARN_ABOUT_RETURN_TYPE = YES_ERROR;
				GCC_WARN_UNDECLARED_SELECTOR = YES;
				GCC_WARN_UNINITIALIZED_AUTOS = YES_AGGRESSIVE;
				GCC_WARN_UNUSED_FUNCTION = YES;
				GCC_WARN_UNUSED_VARIABLE = YES;
				IPHONEOS_DEPLOYMENT_TARGET = 10.2;
				MTL_ENABLE_DEBUG_INFO = NO;
				SDKROOT = iphoneos;
				SWIFT_OPTIMIZATION_LEVEL = "-Owholemodule";
				VALIDATE_PRODUCT = YES;
			};
			name = Release;
		};
		B038BBB91E85C3D900AE9D05 /* Debug */ = {
			isa = XCBuildConfiguration;
			buildSettings = {
				ASSETCATALOG_COMPILER_APPICON_NAME = AppIcon;
				DEVELOPMENT_TEAM = 775A96F2SV;
				INFOPLIST_FILE = Scribe/Info.plist;
				LD_RUNPATH_SEARCH_PATHS = "$(inherited) @executable_path/Frameworks";
				PRODUCT_BUNDLE_IDENTIFIER = com.shinDev.Scribe;
				PRODUCT_NAME = "$(TARGET_NAME)";
				SWIFT_VERSION = 3.0;
			};
			name = Debug;
		};
		B038BBBA1E85C3D900AE9D05 /* Release */ = {
			isa = XCBuildConfiguration;
			buildSettings = {
				ASSETCATALOG_COMPILER_APPICON_NAME = AppIcon;
				DEVELOPMENT_TEAM = 775A96F2SV;
				INFOPLIST_FILE = Scribe/Info.plist;
				LD_RUNPATH_SEARCH_PATHS = "$(inherited) @executable_path/Frameworks";
				PRODUCT_BUNDLE_IDENTIFIER = com.shinDev.Scribe;
				PRODUCT_NAME = "$(TARGET_NAME)";
				SWIFT_VERSION = 3.0;
			};
			name = Release;
		};
/* End XCBuildConfiguration section */

/* Begin XCConfigurationList section */
		B038BBA11E85C3D900AE9D05 /* Build configuration list for PBXProject "Scribe" */ = {
			isa = XCConfigurationList;
			buildConfigurations = (
				B038BBB61E85C3D900AE9D05 /* Debug */,
				B038BBB71E85C3D900AE9D05 /* Release */,
			);
			defaultConfigurationIsVisible = 0;
			defaultConfigurationName = Release;
		};
		B038BBB81E85C3D900AE9D05 /* Build configuration list for PBXNativeTarget "Scribe" */ = {
			isa = XCConfigurationList;
			buildConfigurations = (
				B038BBB91E85C3D900AE9D05 /* Debug */,
				B038BBBA1E85C3D900AE9D05 /* Release */,
			);
			defaultConfigurationIsVisible = 0;
		};
/* End XCConfigurationList section */
	};
	rootObject = B038BB9E1E85C3D900AE9D05 /* Project object */;
}
